// !$*UTF8*$!
{
	archiveVersion = 1;
	classes = {
	};
	objectVersion = 56;
	objects = {

/* Begin PBXBuildFile section */
		F39D637F2DC9458B005F6BCA /* Calm_NestApp.swift in Sources */ = {isa = PBXBuildFile; fileRef = F39D637E2DC9458B005F6BCA /* Calm_NestApp.swift */; };
		F39D63812DC9458B005F6BCA /* ContentView.swift in Sources */ = {isa = PBXBuildFile; fileRef = F39D63802DC9458B005F6BCA /* ContentView.swift */; };
		F39D63832DC9458D005F6BCA /* Assets.xcassets in Resources */ = {isa = PBXBuildFile; fileRef = F39D63822DC9458D005F6BCA /* Assets.xcassets */; };
		F39D63862DC9458D005F6BCA /* Preview Assets.xcassets in Resources */ = {isa = PBXBuildFile; fileRef = F39D63852DC9458D005F6BCA /* Preview Assets.xcassets */; };
		F39D63902DC9458D005F6BCA /* Calm_NestTests.swift in Sources */ = {isa = PBXBuildFile; fileRef = F39D638F2DC9458D005F6BCA /* Calm_NestTests.swift */; };
		F39D639A2DC9458D005F6BCA /* Calm_NestUITests.swift in Sources */ = {isa = PBXBuildFile; fileRef = F39D63992DC9458D005F6BCA /* Calm_NestUITests.swift */; };
		F39D639C2DC9458D005F6BCA /* Calm_NestUITestsLaunchTests.swift in Sources */ = {isa = PBXBuildFile; fileRef = F39D639B2DC9458D005F6BCA /* Calm_NestUITestsLaunchTests.swift */; };
		F39D63AD2DC946A0005F6BCA /* MeditationViewModel.swift in Sources */ = {isa = PBXBuildFile; fileRef = F39D63AC2DC946A0005F6BCA /* MeditationViewModel.swift */; };
		F39D63AF2DC946D7005F6BCA /* MeditationListView.swift in Sources */ = {isa = PBXBuildFile; fileRef = F39D63AE2DC946D7005F6BCA /* MeditationListView.swift */; };
		F39D63B12DC946E8005F6BCA /* MeditationDetailView.swift in Sources */ = {isa = PBXBuildFile; fileRef = F39D63B02DC946E8005F6BCA /* MeditationDetailView.swift */; };
		F39D63B32DC946F8005F6BCA /* VideoPlayerView.swift in Sources */ = {isa = PBXBuildFile; fileRef = F39D63B22DC946F8005F6BCA /* VideoPlayerView.swift */; };
		F39D63B52DC94709005F6BCA /* DailyQuoteView.swift in Sources */ = {isa = PBXBuildFile; fileRef = F39D63B42DC94709005F6BCA /* DailyQuoteView.swift */; };
		F39D63B72DC9471E005F6BCA /* MeditationSession.swift in Sources */ = {isa = PBXBuildFile; fileRef = F39D63B62DC9471E005F6BCA /* MeditationSession.swift */; };
		F39D63B92DC949DD005F6BCA /* mock_sessions.json in Resources */ = {isa = PBXBuildFile; fileRef = F39D63B82DC949DD005F6BCA /* mock_sessions.json */; };
		F39D63BB2DC94D3F005F6BCA /* calm_background.jpg in Resources */ = {isa = PBXBuildFile; fileRef = F39D63BA2DC94D3E005F6BCA /* calm_background.jpg */; };
/* End PBXBuildFile section */

/* Begin PBXContainerItemProxy section */
		F39D638C2DC9458D005F6BCA /* PBXContainerItemProxy */ = {
			isa = PBXContainerItemProxy;
			containerPortal = F39D63732DC9458B005F6BCA /* Project object */;
			proxyType = 1;
			remoteGlobalIDString = F39D637A2DC9458B005F6BCA;
			remoteInfo = "Calm Nest";
		};
		F39D63962DC9458D005F6BCA /* PBXContainerItemProxy */ = {
			isa = PBXContainerItemProxy;
			containerPortal = F39D63732DC9458B005F6BCA /* Project object */;
			proxyType = 1;
			remoteGlobalIDString = F39D637A2DC9458B005F6BCA;
			remoteInfo = "Calm Nest";
		};
/* End PBXContainerItemProxy section */

/* Begin PBXFileReference section */
		F39D637B2DC9458B005F6BCA /* Calm Nest.app */ = {isa = PBXFileReference; explicitFileType = wrapper.application; includeInIndex = 0; path = "Calm Nest.app"; sourceTree = BUILT_PRODUCTS_DIR; };
		F39D637E2DC9458B005F6BCA /* Calm_NestApp.swift */ = {isa = PBXFileReference; lastKnownFileType = sourcecode.swift; path = Calm_NestApp.swift; sourceTree = "<group>"; };
		F39D63802DC9458B005F6BCA /* ContentView.swift */ = {isa = PBXFileReference; lastKnownFileType = sourcecode.swift; path = ContentView.swift; sourceTree = "<group>"; };
		F39D63822DC9458D005F6BCA /* Assets.xcassets */ = {isa = PBXFileReference; lastKnownFileType = folder.assetcatalog; path = Assets.xcassets; sourceTree = "<group>"; };
		F39D63852DC9458D005F6BCA /* Preview Assets.xcassets */ = {isa = PBXFileReference; lastKnownFileType = folder.assetcatalog; path = "Preview Assets.xcassets"; sourceTree = "<group>"; };
		F39D638B2DC9458D005F6BCA /* Calm NestTests.xctest */ = {isa = PBXFileReference; explicitFileType = wrapper.cfbundle; includeInIndex = 0; path = "Calm NestTests.xctest"; sourceTree = BUILT_PRODUCTS_DIR; };
		F39D638F2DC9458D005F6BCA /* Calm_NestTests.swift */ = {isa = PBXFileReference; lastKnownFileType = sourcecode.swift; path = Calm_NestTests.swift; sourceTree = "<group>"; };
		F39D63952DC9458D005F6BCA /* Calm NestUITests.xctest */ = {isa = PBXFileReference; explicitFileType = wrapper.cfbundle; includeInIndex = 0; path = "Calm NestUITests.xctest"; sourceTree = BUILT_PRODUCTS_DIR; };
		F39D63992DC9458D005F6BCA /* Calm_NestUITests.swift */ = {isa = PBXFileReference; lastKnownFileType = sourcecode.swift; path = Calm_NestUITests.swift; sourceTree = "<group>"; };
		F39D639B2DC9458D005F6BCA /* Calm_NestUITestsLaunchTests.swift */ = {isa = PBXFileReference; lastKnownFileType = sourcecode.swift; path = Calm_NestUITestsLaunchTests.swift; sourceTree = "<group>"; };
		F39D63AC2DC946A0005F6BCA /* MeditationViewModel.swift */ = {isa = PBXFileReference; lastKnownFileType = sourcecode.swift; path = MeditationViewModel.swift; sourceTree = "<group>"; };
		F39D63AE2DC946D7005F6BCA /* MeditationListView.swift */ = {isa = PBXFileReference; lastKnownFileType = sourcecode.swift; path = MeditationListView.swift; sourceTree = "<group>"; };
		F39D63B02DC946E8005F6BCA /* MeditationDetailView.swift */ = {isa = PBXFileReference; lastKnownFileType = sourcecode.swift; path = MeditationDetailView.swift; sourceTree = "<group>"; };
		F39D63B22DC946F8005F6BCA /* VideoPlayerView.swift */ = {isa = PBXFileReference; lastKnownFileType = sourcecode.swift; path = VideoPlayerView.swift; sourceTree = "<group>"; };
		F39D63B42DC94709005F6BCA /* DailyQuoteView.swift */ = {isa = PBXFileReference; lastKnownFileType = sourcecode.swift; path = DailyQuoteView.swift; sourceTree = "<group>"; };
		F39D63B62DC9471E005F6BCA /* MeditationSession.swift */ = {isa = PBXFileReference; lastKnownFileType = sourcecode.swift; path = MeditationSession.swift; sourceTree = "<group>"; };
		F39D63B82DC949DD005F6BCA /* mock_sessions.json */ = {isa = PBXFileReference; fileEncoding = 4; lastKnownFileType = text.json; path = mock_sessions.json; sourceTree = "<group>"; };
		F39D63BA2DC94D3E005F6BCA /* calm_background.jpg */ = {isa = PBXFileReference; lastKnownFileType = image.jpeg; path = calm_background.jpg; sourceTree = "<group>"; };
/* End PBXFileReference section */

/* Begin PBXFrameworksBuildPhase section */
		F39D63782DC9458B005F6BCA /* Frameworks */ = {
			isa = PBXFrameworksBuildPhase;
			buildActionMask = 2147483647;
			files = (
			);
			runOnlyForDeploymentPostprocessing = 0;
		};
		F39D63882DC9458D005F6BCA /* Frameworks */ = {
			isa = PBXFrameworksBuildPhase;
			buildActionMask = 2147483647;
			files = (
			);
			runOnlyForDeploymentPostprocessing = 0;
		};
		F39D63922DC9458D005F6BCA /* Frameworks */ = {
			isa = PBXFrameworksBuildPhase;
			buildActionMask = 2147483647;
			files = (
			);
			runOnlyForDeploymentPostprocessing = 0;
		};
/* End PBXFrameworksBuildPhase section */

/* Begin PBXGroup section */
		F39D63722DC9458A005F6BCA = {
			isa = PBXGroup;
			children = (
				F39D637D2DC9458B005F6BCA /* Calm Nest */,
				F39D638E2DC9458D005F6BCA /* Calm NestTests */,
				F39D63982DC9458D005F6BCA /* Calm NestUITests */,
				F39D637C2DC9458B005F6BCA /* Products */,
			);
			sourceTree = "<group>";
		};
		F39D637C2DC9458B005F6BCA /* Products */ = {
			isa = PBXGroup;
			children = (
				F39D637B2DC9458B005F6BCA /* Calm Nest.app */,
				F39D638B2DC9458D005F6BCA /* Calm NestTests.xctest */,
				F39D63952DC9458D005F6BCA /* Calm NestUITests.xctest */,
			);
			name = Products;
			sourceTree = "<group>";
		};
		F39D637D2DC9458B005F6BCA /* Calm Nest */ = {
			isa = PBXGroup;
			children = (
				F39D63AB2DC9467F005F6BCA /* ViewModels */,
				F39D63AA2DC9466A005F6BCA /* Resources */,
				F39D63A92DC9465E005F6BCA /* Views */,
				F39D63A82DC94648005F6BCA /* Models */,
				F39D637E2DC9458B005F6BCA /* Calm_NestApp.swift */,
				F39D63822DC9458D005F6BCA /* Assets.xcassets */,
				F39D63842DC9458D005F6BCA /* Preview Content */,
			);
			path = "Calm Nest";
			sourceTree = "<group>";
		};
		F39D63842DC9458D005F6BCA /* Preview Content */ = {
			isa = PBXGroup;
			children = (
				F39D63852DC9458D005F6BCA /* Preview Assets.xcassets */,
			);
			path = "Preview Content";
			sourceTree = "<group>";
		};
		F39D638E2DC9458D005F6BCA /* Calm NestTests */ = {
			isa = PBXGroup;
			children = (
				F39D638F2DC9458D005F6BCA /* Calm_NestTests.swift */,
			);
			path = "Calm NestTests";
			sourceTree = "<group>";
		};
		F39D63982DC9458D005F6BCA /* Calm NestUITests */ = {
			isa = PBXGroup;
			children = (
				F39D63992DC9458D005F6BCA /* Calm_NestUITests.swift */,
				F39D639B2DC9458D005F6BCA /* Calm_NestUITestsLaunchTests.swift */,
			);
			path = "Calm NestUITests";
			sourceTree = "<group>";
		};
		F39D63A82DC94648005F6BCA /* Models */ = {
			isa = PBXGroup;
			children = (
				F39D63B62DC9471E005F6BCA /* MeditationSession.swift */,
			);
			path = Models;
			sourceTree = "<group>";
		};
		F39D63A92DC9465E005F6BCA /* Views */ = {
			isa = PBXGroup;
			children = (
				F39D63802DC9458B005F6BCA /* ContentView.swift */,
				F39D63AE2DC946D7005F6BCA /* MeditationListView.swift */,
				F39D63B02DC946E8005F6BCA /* MeditationDetailView.swift */,
				F39D63B22DC946F8005F6BCA /* VideoPlayerView.swift */,
				F39D63B42DC94709005F6BCA /* DailyQuoteView.swift */,
			);
			path = Views;
			sourceTree = "<group>";
		};
		F39D63AA2DC9466A005F6BCA /* Resources */ = {
			isa = PBXGroup;
			children = (
				F39D63B82DC949DD005F6BCA /* mock_sessions.json */,
				F39D63BA2DC94D3E005F6BCA /* calm_background.jpg */,
			);
			path = Resources;
			sourceTree = "<group>";
		};
		F39D63AB2DC9467F005F6BCA /* ViewModels */ = {
			isa = PBXGroup;
			children = (
				F39D63AC2DC946A0005F6BCA /* MeditationViewModel.swift */,
			);
			path = ViewModels;
			sourceTree = "<group>";
		};
/* End PBXGroup section */

/* Begin PBXNativeTarget section */
		F39D637A2DC9458B005F6BCA /* Calm Nest */ = {
			isa = PBXNativeTarget;
			buildConfigurationList = F39D639F2DC9458D005F6BCA /* Build configuration list for PBXNativeTarget "Calm Nest" */;
			buildPhases = (
				F39D63772DC9458B005F6BCA /* Sources */,
				F39D63782DC9458B005F6BCA /* Frameworks */,
				F39D63792DC9458B005F6BCA /* Resources */,
			);
			buildRules = (
			);
			dependencies = (
			);
			name = "Calm Nest";
			productName = "Calm Nest";
			productReference = F39D637B2DC9458B005F6BCA /* Calm Nest.app */;
			productType = "com.apple.product-type.application";
		};
		F39D638A2DC9458D005F6BCA /* Calm NestTests */ = {
			isa = PBXNativeTarget;
			buildConfigurationList = F39D63A22DC9458D005F6BCA /* Build configuration list for PBXNativeTarget "Calm NestTests" */;
			buildPhases = (
				F39D63872DC9458D005F6BCA /* Sources */,
				F39D63882DC9458D005F6BCA /* Frameworks */,
				F39D63892DC9458D005F6BCA /* Resources */,
			);
			buildRules = (
			);
			dependencies = (
				F39D638D2DC9458D005F6BCA /* PBXTargetDependency */,
			);
			name = "Calm NestTests";
			productName = "Calm NestTests";
			productReference = F39D638B2DC9458D005F6BCA /* Calm NestTests.xctest */;
			productType = "com.apple.product-type.bundle.unit-test";
		};
		F39D63942DC9458D005F6BCA /* Calm NestUITests */ = {
			isa = PBXNativeTarget;
			buildConfigurationList = F39D63A52DC9458D005F6BCA /* Build configuration list for PBXNativeTarget "Calm NestUITests" */;
			buildPhases = (
				F39D63912DC9458D005F6BCA /* Sources */,
				F39D63922DC9458D005F6BCA /* Frameworks */,
				F39D63932DC9458D005F6BCA /* Resources */,
			);
			buildRules = (
			);
			dependencies = (
				F39D63972DC9458D005F6BCA /* PBXTargetDependency */,
			);
			name = "Calm NestUITests";
			productName = "Calm NestUITests";
			productReference = F39D63952DC9458D005F6BCA /* Calm NestUITests.xctest */;
			productType = "com.apple.product-type.bundle.ui-testing";
		};
/* End PBXNativeTarget section */

/* Begin PBXProject section */
		F39D63732DC9458B005F6BCA /* Project object */ = {
			isa = PBXProject;
			attributes = {
				BuildIndependentTargetsInParallel = 1;
				LastSwiftUpdateCheck = 1420;
				LastUpgradeCheck = 1420;
				TargetAttributes = {
					F39D637A2DC9458B005F6BCA = {
						CreatedOnToolsVersion = 14.2;
					};
					F39D638A2DC9458D005F6BCA = {
						CreatedOnToolsVersion = 14.2;
						TestTargetID = F39D637A2DC9458B005F6BCA;
					};
					F39D63942DC9458D005F6BCA = {
						CreatedOnToolsVersion = 14.2;
						TestTargetID = F39D637A2DC9458B005F6BCA;
					};
				};
			};
			buildConfigurationList = F39D63762DC9458B005F6BCA /* Build configuration list for PBXProject "Calm Nest" */;
			compatibilityVersion = "Xcode 14.0";
			developmentRegion = en;
			hasScannedForEncodings = 0;
			knownRegions = (
				en,
				Base,
			);
			mainGroup = F39D63722DC9458A005F6BCA;
			productRefGroup = F39D637C2DC9458B005F6BCA /* Products */;
			projectDirPath = "";
			projectRoot = "";
			targets = (
				F39D637A2DC9458B005F6BCA /* Calm Nest */,
				F39D638A2DC9458D005F6BCA /* Calm NestTests */,
				F39D63942DC9458D005F6BCA /* Calm NestUITests */,
			);
		};
/* End PBXProject section */

/* Begin PBXResourcesBuildPhase section */
		F39D63792DC9458B005F6BCA /* Resources */ = {
			isa = PBXResourcesBuildPhase;
			buildActionMask = 2147483647;
			files = (
				F39D63B92DC949DD005F6BCA /* mock_sessions.json in Resources */,
				F39D63862DC9458D005F6BCA /* Preview Assets.xcassets in Resources */,
				F39D63BB2DC94D3F005F6BCA /* calm_background.jpg in Resources */,
				F39D63832DC9458D005F6BCA /* Assets.xcassets in Resources */,
			);
			runOnlyForDeploymentPostprocessing = 0;
		};
		F39D63892DC9458D005F6BCA /* Resources */ = {
			isa = PBXResourcesBuildPhase;
			buildActionMask = 2147483647;
			files = (
			);
			runOnlyForDeploymentPostprocessing = 0;
		};
		F39D63932DC9458D005F6BCA /* Resources */ = {
			isa = PBXResourcesBuildPhase;
			buildActionMask = 2147483647;
			files = (
			);
			runOnlyForDeploymentPostprocessing = 0;
		};
/* End PBXResourcesBuildPhase section */

/* Begin PBXSourcesBuildPhase section */
		F39D63772DC9458B005F6BCA /* Sources */ = {
			isa = PBXSourcesBuildPhase;
			buildActionMask = 2147483647;
			files = (
				F39D63AF2DC946D7005F6BCA /* MeditationListView.swift in Sources */,
				F39D63812DC9458B005F6BCA /* ContentView.swift in Sources */,
				F39D63B12DC946E8005F6BCA /* MeditationDetailView.swift in Sources */,
				F39D63B52DC94709005F6BCA /* DailyQuoteView.swift in Sources */,
				F39D63B72DC9471E005F6BCA /* MeditationSession.swift in Sources */,
				F39D63AD2DC946A0005F6BCA /* MeditationViewModel.swift in Sources */,
				F39D637F2DC9458B005F6BCA /* Calm_NestApp.swift in Sources */,
				F39D63B32DC946F8005F6BCA /* VideoPlayerView.swift in Sources */,
			);
			runOnlyForDeploymentPostprocessing = 0;
		};
		F39D63872DC9458D005F6BCA /* Sources */ = {
			isa = PBXSourcesBuildPhase;
			buildActionMask = 2147483647;
			files = (
				F39D63902DC9458D005F6BCA /* Calm_NestTests.swift in Sources */,
			);
			runOnlyForDeploymentPostprocessing = 0;
		};
		F39D63912DC9458D005F6BCA /* Sources */ = {
			isa = PBXSourcesBuildPhase;
			buildActionMask = 2147483647;
			files = (
				F39D639A2DC9458D005F6BCA /* Calm_NestUITests.swift in Sources */,
				F39D639C2DC9458D005F6BCA /* Calm_NestUITestsLaunchTests.swift in Sources */,
			);
			runOnlyForDeploymentPostprocessing = 0;
		};
/* End PBXSourcesBuildPhase section */

/* Begin PBXTargetDependency section */
		F39D638D2DC9458D005F6BCA /* PBXTargetDependency */ = {
			isa = PBXTargetDependency;
			target = F39D637A2DC9458B005F6BCA /* Calm Nest */;
			targetProxy = F39D638C2DC9458D005F6BCA /* PBXContainerItemProxy */;
		};
		F39D63972DC9458D005F6BCA /* PBXTargetDependency */ = {
			isa = PBXTargetDependency;
			target = F39D637A2DC9458B005F6BCA /* Calm Nest */;
			targetProxy = F39D63962DC9458D005F6BCA /* PBXContainerItemProxy */;
		};
/* End PBXTargetDependency section */

/* Begin XCBuildConfiguration section */
		F39D639D2DC9458D005F6BCA /* Debug */ = {
			isa = XCBuildConfiguration;
			buildSettings = {
				ALWAYS_SEARCH_USER_PATHS = NO;
				CLANG_ANALYZER_NONNULL = YES;
				CLANG_ANALYZER_NUMBER_OBJECT_CONVERSION = YES_AGGRESSIVE;
				CLANG_CXX_LANGUAGE_STANDARD = "gnu++20";
				CLANG_ENABLE_MODULES = YES;
				CLANG_ENABLE_OBJC_ARC = YES;
				CLANG_ENABLE_OBJC_WEAK = YES;
				CLANG_WARN_BLOCK_CAPTURE_AUTORELEASING = YES;
				CLANG_WARN_BOOL_CONVERSION = YES;
				CLANG_WARN_COMMA = YES;
				CLANG_WARN_CONSTANT_CONVERSION = YES;
				CLANG_WARN_DEPRECATED_OBJC_IMPLEMENTATIONS = YES;
				CLANG_WARN_DIRECT_OBJC_ISA_USAGE = YES_ERROR;
				CLANG_WARN_DOCUMENTATION_COMMENTS = YES;
				CLANG_WARN_EMPTY_BODY = YES;
				CLANG_WARN_ENUM_CONVERSION = YES;
				CLANG_WARN_INFINITE_RECURSION = YES;
				CLANG_WARN_INT_CONVERSION = YES;
				CLANG_WARN_NON_LITERAL_NULL_CONVERSION = YES;
				CLANG_WARN_OBJC_IMPLICIT_RETAIN_SELF = YES;
				CLANG_WARN_OBJC_LITERAL_CONVERSION = YES;
				CLANG_WARN_OBJC_ROOT_CLASS = YES_ERROR;
				CLANG_WARN_QUOTED_INCLUDE_IN_FRAMEWORK_HEADER = YES;
				CLANG_WARN_RANGE_LOOP_ANALYSIS = YES;
				CLANG_WARN_STRICT_PROTOTYPES = YES;
				CLANG_WARN_SUSPICIOUS_MOVE = YES;
				CLANG_WARN_UNGUARDED_AVAILABILITY = YES_AGGRESSIVE;
				CLANG_WARN_UNREACHABLE_CODE = YES;
				CLANG_WARN__DUPLICATE_METHOD_MATCH = YES;
				COPY_PHASE_STRIP = NO;
				DEBUG_INFORMATION_FORMAT = dwarf;
				ENABLE_STRICT_OBJC_MSGSEND = YES;
				ENABLE_TESTABILITY = YES;
				GCC_C_LANGUAGE_STANDARD = gnu11;
				GCC_DYNAMIC_NO_PIC = NO;
				GCC_NO_COMMON_BLOCKS = YES;
				GCC_OPTIMIZATION_LEVEL = 0;
				GCC_PREPROCESSOR_DEFINITIONS = (
					"DEBUG=1",
					"$(inherited)",
				);
				GCC_WARN_64_TO_32_BIT_CONVERSION = YES;
				GCC_WARN_ABOUT_RETURN_TYPE = YES_ERROR;
				GCC_WARN_UNDECLARED_SELECTOR = YES;
				GCC_WARN_UNINITIALIZED_AUTOS = YES_AGGRESSIVE;
				GCC_WARN_UNUSED_FUNCTION = YES;
				GCC_WARN_UNUSED_VARIABLE = YES;
				IPHONEOS_DEPLOYMENT_TARGET = 16.2;
				MTL_ENABLE_DEBUG_INFO = INCLUDE_SOURCE;
				MTL_FAST_MATH = YES;
				ONLY_ACTIVE_ARCH = YES;
				SDKROOT = iphoneos;
				SWIFT_ACTIVE_COMPILATION_CONDITIONS = DEBUG;
				SWIFT_OPTIMIZATION_LEVEL = "-Onone";
			};
			name = Debug;
		};
		F39D639E2DC9458D005F6BCA /* Release */ = {
			isa = XCBuildConfiguration;
			buildSettings = {
				ALWAYS_SEARCH_USER_PATHS = NO;
				CLANG_ANALYZER_NONNULL = YES;
				CLANG_ANALYZER_NUMBER_OBJECT_CONVERSION = YES_AGGRESSIVE;
				CLANG_CXX_LANGUAGE_STANDARD = "gnu++20";
				CLANG_ENABLE_MODULES = YES;
				CLANG_ENABLE_OBJC_ARC = YES;
				CLANG_ENABLE_OBJC_WEAK = YES;
				CLANG_WARN_BLOCK_CAPTURE_AUTORELEASING = YES;
				CLANG_WARN_BOOL_CONVERSION = YES;
				CLANG_WARN_COMMA = YES;
				CLANG_WARN_CONSTANT_CONVERSION = YES;
				CLANG_WARN_DEPRECATED_OBJC_IMPLEMENTATIONS = YES;
				CLANG_WARN_DIRECT_OBJC_ISA_USAGE = YES_ERROR;
				CLANG_WARN_DOCUMENTATION_COMMENTS = YES;
				CLANG_WARN_EMPTY_BODY = YES;
				CLANG_WARN_ENUM_CONVERSION = YES;
				CLANG_WARN_INFINITE_RECURSION = YES;
				CLANG_WARN_INT_CONVERSION = YES;
				CLANG_WARN_NON_LITERAL_NULL_CONVERSION = YES;
				CLANG_WARN_OBJC_IMPLICIT_RETAIN_SELF = YES;
				CLANG_WARN_OBJC_LITERAL_CONVERSION = YES;
				CLANG_WARN_OBJC_ROOT_CLASS = YES_ERROR;
				CLANG_WARN_QUOTED_INCLUDE_IN_FRAMEWORK_HEADER = YES;
				CLANG_WARN_RANGE_LOOP_ANALYSIS = YES;
				CLANG_WARN_STRICT_PROTOTYPES = YES;
				CLANG_WARN_SUSPICIOUS_MOVE = YES;
				CLANG_WARN_UNGUARDED_AVAILABILITY = YES_AGGRESSIVE;
				CLANG_WARN_UNREACHABLE_CODE = YES;
				CLANG_WARN__DUPLICATE_METHOD_MATCH = YES;
				COPY_PHASE_STRIP = NO;
				DEBUG_INFORMATION_FORMAT = "dwarf-with-dsym";
				ENABLE_NS_ASSERTIONS = NO;
				ENABLE_STRICT_OBJC_MSGSEND = YES;
				GCC_C_LANGUAGE_STANDARD = gnu11;
				GCC_NO_COMMON_BLOCKS = YES;
				GCC_WARN_64_TO_32_BIT_CONVERSION = YES;
				GCC_WARN_ABOUT_RETURN_TYPE = YES_ERROR;
				GCC_WARN_UNDECLARED_SELECTOR = YES;
				GCC_WARN_UNINITIALIZED_AUTOS = YES_AGGRESSIVE;
				GCC_WARN_UNUSED_FUNCTION = YES;
				GCC_WARN_UNUSED_VARIABLE = YES;
				IPHONEOS_DEPLOYMENT_TARGET = 16.2;
				MTL_ENABLE_DEBUG_INFO = NO;
				MTL_FAST_MATH = YES;
				SDKROOT = iphoneos;
				SWIFT_COMPILATION_MODE = wholemodule;
				SWIFT_OPTIMIZATION_LEVEL = "-O";
				VALIDATE_PRODUCT = YES;
			};
			name = Release;
		};
		F39D63A02DC9458D005F6BCA /* Debug */ = {
			isa = XCBuildConfiguration;
			buildSettings = {
				ASSETCATALOG_COMPILER_APPICON_NAME = AppIcon;
				ASSETCATALOG_COMPILER_GLOBAL_ACCENT_COLOR_NAME = AccentColor;
				CODE_SIGN_STYLE = Automatic;
				CURRENT_PROJECT_VERSION = 1;
				DEVELOPMENT_ASSET_PATHS = "\"Calm Nest/Preview Content\"";
				ENABLE_PREVIEWS = YES;
				GENERATE_INFOPLIST_FILE = YES;
				INFOPLIST_KEY_UIApplicationSceneManifest_Generation = YES;
				INFOPLIST_KEY_UIApplicationSupportsIndirectInputEvents = YES;
				INFOPLIST_KEY_UILaunchScreen_Generation = YES;
				INFOPLIST_KEY_UISupportedInterfaceOrientations_iPad = "UIInterfaceOrientationPortrait UIInterfaceOrientationPortraitUpsideDown UIInterfaceOrientationLandscapeLeft UIInterfaceOrientationLandscapeRight";
				INFOPLIST_KEY_UISupportedInterfaceOrientations_iPhone = "UIInterfaceOrientationPortrait UIInterfaceOrientationLandscapeLeft UIInterfaceOrientationLandscapeRight";
				LD_RUNPATH_SEARCH_PATHS = (
					"$(inherited)",
					"@executable_path/Frameworks",
				);
				MARKETING_VERSION = 1.0;
				PRODUCT_BUNDLE_IDENTIFIER = "Pratik.Calm-Nest";
				PRODUCT_NAME = "$(TARGET_NAME)";
				SWIFT_EMIT_LOC_STRINGS = YES;
				SWIFT_VERSION = 5.0;
				TARGETED_DEVICE_FAMILY = "1,2";
			};
			name = Debug;
		};
		F39D63A12DC9458D005F6BCA /* Release */ = {
			isa = XCBuildConfiguration;
			buildSettings = {
				ASSETCATALOG_COMPILER_APPICON_NAME = AppIcon;
				ASSETCATALOG_COMPILER_GLOBAL_ACCENT_COLOR_NAME = AccentColor;
				CODE_SIGN_STYLE = Automatic;
				CURRENT_PROJECT_VERSION = 1;
				DEVELOPMENT_ASSET_PATHS = "\"Calm Nest/Preview Content\"";
				ENABLE_PREVIEWS = YES;
				GENERATE_INFOPLIST_FILE = YES;
				INFOPLIST_KEY_UIApplicationSceneManifest_Generation = YES;
				INFOPLIST_KEY_UIApplicationSupportsIndirectInputEvents = YES;
				INFOPLIST_KEY_UILaunchScreen_Generation = YES;
				INFOPLIST_KEY_UISupportedInterfaceOrientations_iPad = "UIInterfaceOrientationPortrait UIInterfaceOrientationPortraitUpsideDown UIInterfaceOrientationLandscapeLeft UIInterfaceOrientationLandscapeRight";
				INFOPLIST_KEY_UISupportedInterfaceOrientations_iPhone = "UIInterfaceOrientationPortrait UIInterfaceOrientationLandscapeLeft UIInterfaceOrientationLandscapeRight";
				LD_RUNPATH_SEARCH_PATHS = (
					"$(inherited)",
					"@executable_path/Frameworks",
				);
				MARKETING_VERSION = 1.0;
				PRODUCT_BUNDLE_IDENTIFIER = "Pratik.Calm-Nest";
				PRODUCT_NAME = "$(TARGET_NAME)";
				SWIFT_EMIT_LOC_STRINGS = YES;
				SWIFT_VERSION = 5.0;
				TARGETED_DEVICE_FAMILY = "1,2";
			};
			name = Release;
		};
		F39D63A32DC9458D005F6BCA /* Debug */ = {
			isa = XCBuildConfiguration;
			buildSettings = {
				ALWAYS_EMBED_SWIFT_STANDARD_LIBRARIES = YES;
				BUNDLE_LOADER = "$(TEST_HOST)";
				CODE_SIGN_STYLE = Automatic;
				CURRENT_PROJECT_VERSION = 1;
				GENERATE_INFOPLIST_FILE = YES;
				IPHONEOS_DEPLOYMENT_TARGET = 16.2;
				MARKETING_VERSION = 1.0;
				PRODUCT_BUNDLE_IDENTIFIER = "Pratik.Calm-NestTests";
				PRODUCT_NAME = "$(TARGET_NAME)";
				SWIFT_EMIT_LOC_STRINGS = NO;
				SWIFT_VERSION = 5.0;
				TARGETED_DEVICE_FAMILY = "1,2";
				TEST_HOST = "$(BUILT_PRODUCTS_DIR)/Calm Nest.app/$(BUNDLE_EXECUTABLE_FOLDER_PATH)/Calm Nest";
			};
			name = Debug;
		};
		F39D63A42DC9458D005F6BCA /* Release */ = {
			isa = XCBuildConfiguration;
			buildSettings = {
				ALWAYS_EMBED_SWIFT_STANDARD_LIBRARIES = YES;
				BUNDLE_LOADER = "$(TEST_HOST)";
				CODE_SIGN_STYLE = Automatic;
				CURRENT_PROJECT_VERSION = 1;
				GENERATE_INFOPLIST_FILE = YES;
				IPHONEOS_DEPLOYMENT_TARGET = 16.2;
				MARKETING_VERSION = 1.0;
				PRODUCT_BUNDLE_IDENTIFIER = "Pratik.Calm-NestTests";
				PRODUCT_NAME = "$(TARGET_NAME)";
				SWIFT_EMIT_LOC_STRINGS = NO;
				SWIFT_VERSION = 5.0;
				TARGETED_DEVICE_FAMILY = "1,2";
				TEST_HOST = "$(BUILT_PRODUCTS_DIR)/Calm Nest.app/$(BUNDLE_EXECUTABLE_FOLDER_PATH)/Calm Nest";
			};
			name = Release;
		};
		F39D63A62DC9458D005F6BCA /* Debug */ = {
			isa = XCBuildConfiguration;
			buildSettings = {
				ALWAYS_EMBED_SWIFT_STANDARD_LIBRARIES = YES;
				CODE_SIGN_STYLE = Automatic;
				CURRENT_PROJECT_VERSION = 1;
				GENERATE_INFOPLIST_FILE = YES;
				MARKETING_VERSION = 1.0;
				PRODUCT_BUNDLE_IDENTIFIER = "Pratik.Calm-NestUITests";
				PRODUCT_NAME = "$(TARGET_NAME)";
				SWIFT_EMIT_LOC_STRINGS = NO;
				SWIFT_VERSION = 5.0;
				TARGETED_DEVICE_FAMILY = "1,2";
				TEST_TARGET_NAME = "Calm Nest";
			};
			name = Debug;
		};
		F39D63A72DC9458D005F6BCA /* Release */ = {
			isa = XCBuildConfiguration;
			buildSettings = {
				ALWAYS_EMBED_SWIFT_STANDARD_LIBRARIES = YES;
				CODE_SIGN_STYLE = Automatic;
				CURRENT_PROJECT_VERSION = 1;
				GENERATE_INFOPLIST_FILE = YES;
				MARKETING_VERSION = 1.0;
				PRODUCT_BUNDLE_IDENTIFIER = "Pratik.Calm-NestUITests";
				PRODUCT_NAME = "$(TARGET_NAME)";
				SWIFT_EMIT_LOC_STRINGS = NO;
				SWIFT_VERSION = 5.0;
				TARGETED_DEVICE_FAMILY = "1,2";
				TEST_TARGET_NAME = "Calm Nest";
			};
			name = Release;
		};
/* End XCBuildConfiguration section */

/* Begin XCConfigurationList section */
		F39D63762DC9458B005F6BCA /* Build configuration list for PBXProject "Calm Nest" */ = {
			isa = XCConfigurationList;
			buildConfigurations = (
				F39D639D2DC9458D005F6BCA /* Debug */,
				F39D639E2DC9458D005F6BCA /* Release */,
			);
			defaultConfigurationIsVisible = 0;
			defaultConfigurationName = Release;
		};
		F39D639F2DC9458D005F6BCA /* Build configuration list for PBXNativeTarget "Calm Nest" */ = {
			isa = XCConfigurationList;
			buildConfigurations = (
				F39D63A02DC9458D005F6BCA /* Debug */,
				F39D63A12DC9458D005F6BCA /* Release */,
			);
			defaultConfigurationIsVisible = 0;
			defaultConfigurationName = Release;
		};
		F39D63A22DC9458D005F6BCA /* Build configuration list for PBXNativeTarget "Calm NestTests" */ = {
			isa = XCConfigurationList;
			buildConfigurations = (
				F39D63A32DC9458D005F6BCA /* Debug */,
				F39D63A42DC9458D005F6BCA /* Release */,
			);
			defaultConfigurationIsVisible = 0;
			defaultConfigurationName = Release;
		};
		F39D63A52DC9458D005F6BCA /* Build configuration list for PBXNativeTarget "Calm NestUITests" */ = {
			isa = XCConfigurationList;
			buildConfigurations = (
				F39D63A62DC9458D005F6BCA /* Debug */,
				F39D63A72DC9458D005F6BCA /* Release */,
			);
			defaultConfigurationIsVisible = 0;
			defaultConfigurationName = Release;
		};
/* End XCConfigurationList section */
	};
	rootObject = F39D63732DC9458B005F6BCA /* Project object */;
}
